
Microsoft Visual Studio Solution File, Format Version 12.00
# Visual Studio 14
VisualStudioVersion = 14.0.23107.0
MinimumVisualStudioVersion = 10.0.40219.1
Project("{FAE04EC0-301F-11D3-BF4B-00C04F79EFBC}") = "Секундная стрелка часов", "ex11.0\Секундная стрелка часов.csproj", "{90CBB49E-1315-4FCA-94B7-5BD6D1FF2069}"
EndProject
Project("{FAE04EC0-301F-11D3-BF4B-00C04F79EFBC}") = "Движение по траектории", "Движение по траектории\Движение по траектории.csproj", "{2E2E4F7E-64ED-4EC6-9476-A0A9F5E56D8E}"
EndProject
Global
	GlobalSection(SolutionConfigurationPlatforms) = preSolution
		Debug|Any CPU = Debug|Any CPU
		Release|Any CPU = Release|Any CPU
	EndGlobalSection
	GlobalSection(ProjectConfigurationPlatforms) = postSolution
		{90CBB49E-1315-4FCA-94B7-5BD6D1FF2069}.Debug|Any CPU.ActiveCfg = Debug|Any CPU
		{90CBB49E-1315-4FCA-94B7-5BD6D1FF2069}.Debug|Any CPU.Build.0 = Debug|Any CPU
		{90CBB49E-1315-4FCA-94B7-5BD6D1FF2069}.Release|Any CPU.ActiveCfg = Release|Any CPU
		{90CBB49E-1315-4FCA-94B7-5BD6D1FF2069}.Release|Any CPU.Build.0 = Release|Any CPU
		{2E2E4F7E-64ED-4EC6-9476-A0A9F5E56D8E}.Debug|Any CPU.ActiveCfg = Debug|Any CPU
		{2E2E4F7E-64ED-4EC6-9476-A0A9F5E56D8E}.Debug|Any CPU.Build.0 = Debug|Any CPU
		{2E2E4F7E-64ED-4EC6-9476-A0A9F5E56D8E}.Release|Any CPU.ActiveCfg = Release|Any CPU
		{2E2E4F7E-64ED-4EC6-9476-A0A9F5E56D8E}.Release|Any CPU.Build.0 = Release|Any CPU
	EndGlobalSection
	GlobalSection(SolutionProperties) = preSolution
		HideSolutionNode = FALSE
	EndGlobalSection
EndGlobal
